// !$*UTF8*$!
{
	archiveVersion = 1;
	classes = {
	};
	objectVersion = 50;
	objects = {

/* Begin PBXBuildFile section */
		474166FC26ED54E9003D5709 /* AppDelegate.swift in Sources */ = {isa = PBXBuildFile; fileRef = 474166FB26ED54E9003D5709 /* AppDelegate.swift */; };
		474166FE26ED54E9003D5709 /* SceneDelegate.swift in Sources */ = {isa = PBXBuildFile; fileRef = 474166FD26ED54E9003D5709 /* SceneDelegate.swift */; };
		4741670026ED54E9003D5709 /* HomeViewController.swift in Sources */ = {isa = PBXBuildFile; fileRef = 474166FF26ED54E9003D5709 /* HomeViewController.swift */; };
		4741670326ED54E9003D5709 /* Main.storyboard in Resources */ = {isa = PBXBuildFile; fileRef = 4741670126ED54E9003D5709 /* Main.storyboard */; };
		4741670526ED54EA003D5709 /* Assets.xcassets in Resources */ = {isa = PBXBuildFile; fileRef = 4741670426ED54EA003D5709 /* Assets.xcassets */; };
		4741670826ED54EA003D5709 /* LaunchScreen.storyboard in Resources */ = {isa = PBXBuildFile; fileRef = 4741670626ED54EA003D5709 /* LaunchScreen.storyboard */; };
		47C182D726F417120026D49A /* BaseViewController.swift in Sources */ = {isa = PBXBuildFile; fileRef = 47C182D626F417120026D49A /* BaseViewController.swift */; };
/* End PBXBuildFile section */

/* Begin PBXFileReference section */
		474166F826ED54E9003D5709 /* InClass02.app */ = {isa = PBXFileReference; explicitFileType = wrapper.application; includeInIndex = 0; path = InClass02.app; sourceTree = BUILT_PRODUCTS_DIR; };
		474166FB26ED54E9003D5709 /* AppDelegate.swift */ = {isa = PBXFileReference; lastKnownFileType = sourcecode.swift; path = AppDelegate.swift; sourceTree = "<group>"; };
		474166FD26ED54E9003D5709 /* SceneDelegate.swift */ = {isa = PBXFileReference; lastKnownFileType = sourcecode.swift; path = SceneDelegate.swift; sourceTree = "<group>"; };
		474166FF26ED54E9003D5709 /* HomeViewController.swift */ = {isa = PBXFileReference; lastKnownFileType = sourcecode.swift; path = HomeViewController.swift; sourceTree = "<group>"; };
		4741670226ED54E9003D5709 /* Base */ = {isa = PBXFileReference; lastKnownFileType = file.storyboard; name = Base; path = Base.lproj/Main.storyboard; sourceTree = "<group>"; };
		4741670426ED54EA003D5709 /* Assets.xcassets */ = {isa = PBXFileReference; lastKnownFileType = folder.assetcatalog; path = Assets.xcassets; sourceTree = "<group>"; };
		4741670726ED54EA003D5709 /* Base */ = {isa = PBXFileReference; lastKnownFileType = file.storyboard; name = Base; path = Base.lproj/LaunchScreen.storyboard; sourceTree = "<group>"; };
		4741670926ED54EA003D5709 /* Info.plist */ = {isa = PBXFileReference; lastKnownFileType = text.plist.xml; path = Info.plist; sourceTree = "<group>"; };
		47C182D626F417120026D49A /* BaseViewController.swift */ = {isa = PBXFileReference; lastKnownFileType = sourcecode.swift; path = BaseViewController.swift; sourceTree = "<group>"; };
/* End PBXFileReference section */

/* Begin PBXFrameworksBuildPhase section */
		474166F526ED54E9003D5709 /* Frameworks */ = {
			isa = PBXFrameworksBuildPhase;
			buildActionMask = 2147483647;
			files = (
			);
			runOnlyForDeploymentPostprocessing = 0;
		};
/* End PBXFrameworksBuildPhase section */

/* Begin PBXGroup section */
		474166EF26ED54E9003D5709 = {
			isa = PBXGroup;
			children = (
				474166FA26ED54E9003D5709 /* InClass02 */,
				474166F926ED54E9003D5709 /* Products */,
			);
			sourceTree = "<group>";
		};
		474166F926ED54E9003D5709 /* Products */ = {
			isa = PBXGroup;
			children = (
				474166F826ED54E9003D5709 /* InClass02.app */,
			);
			name = Products;
			sourceTree = "<group>";
		};
		474166FA26ED54E9003D5709 /* InClass02 */ = {
			isa = PBXGroup;
			children = (
				474166FB26ED54E9003D5709 /* AppDelegate.swift */,
				474166FD26ED54E9003D5709 /* SceneDelegate.swift */,
				474166FF26ED54E9003D5709 /* HomeViewController.swift */,
				4741670126ED54E9003D5709 /* Main.storyboard */,
				4741670426ED54EA003D5709 /* Assets.xcassets */,
				4741670626ED54EA003D5709 /* LaunchScreen.storyboard */,
				4741670926ED54EA003D5709 /* Info.plist */,
				47C182D626F417120026D49A /* BaseViewController.swift */,
			);
			path = InClass02;
			sourceTree = "<group>";
		};
/* End PBXGroup section */

/* Begin PBXNativeTarget section */
		474166F726ED54E9003D5709 /* InClass02 */ = {
			isa = PBXNativeTarget;
			buildConfigurationList = 4741670C26ED54EA003D5709 /* Build configuration list for PBXNativeTarget "InClass02" */;
			buildPhases = (
				474166F426ED54E9003D5709 /* Sources */,
				474166F526ED54E9003D5709 /* Frameworks */,
				474166F626ED54E9003D5709 /* Resources */,
			);
			buildRules = (
			);
			dependencies = (
			);
			name = InClass02;
			productName = InClass02;
			productReference = 474166F826ED54E9003D5709 /* InClass02.app */;
			productType = "com.apple.product-type.application";
		};
/* End PBXNativeTarget section */

/* Begin PBXProject section */
		474166F026ED54E9003D5709 /* Project object */ = {
			isa = PBXProject;
			attributes = {
				LastSwiftUpdateCheck = 1250;
				LastUpgradeCheck = 1250;
				TargetAttributes = {
					474166F726ED54E9003D5709 = {
						CreatedOnToolsVersion = 12.5.1;
					};
				};
			};
			buildConfigurationList = 474166F326ED54E9003D5709 /* Build configuration list for PBXProject "InClass02" */;
			compatibilityVersion = "Xcode 9.3";
			developmentRegion = en;
			hasScannedForEncodings = 0;
			knownRegions = (
				en,
				Base,
			);
			mainGroup = 474166EF26ED54E9003D5709;
			productRefGroup = 474166F926ED54E9003D5709 /* Products */;
			projectDirPath = "";
			projectRoot = "";
			targets = (
				474166F726ED54E9003D5709 /* InClass02 */,
			);
		};
/* End PBXProject section */

/* Begin PBXResourcesBuildPhase section */
		474166F626ED54E9003D5709 /* Resources */ = {
			isa = PBXResourcesBuildPhase;
			buildActionMask = 2147483647;
			files = (
				4741670826ED54EA003D5709 /* LaunchScreen.storyboard in Resources */,
				4741670526ED54EA003D5709 /* Assets.xcassets in Resources */,
				4741670326ED54E9003D5709 /* Main.storyboard in Resources */,
			);
			runOnlyForDeploymentPostprocessing = 0;
		};
/* End PBXResourcesBuildPhase section */

/* Begin PBXSourcesBuildPhase section */
		474166F426ED54E9003D5709 /* Sources */ = {
			isa = PBXSourcesBuildPhase;
			buildActionMask = 2147483647;
			files = (
				4741670026ED54E9003D5709 /* HomeViewController.swift in Sources */,
				47C182D726F417120026D49A /* BaseViewController.swift in Sources */,
				474166FC26ED54E9003D5709 /* AppDelegate.swift in Sources */,
				474166FE26ED54E9003D5709 /* SceneDelegate.swift in Sources */,
			);
			runOnlyForDeploymentPostprocessing = 0;
		};
/* End PBXSourcesBuildPhase section */

/* Begin PBXVariantGroup section */
		4741670126ED54E9003D5709 /* Main.storyboard */ = {
			isa = PBXVariantGroup;
			children = (
				4741670226ED54E9003D5709 /* Base */,
			);
			name = Main.storyboard;
			sourceTree = "<group>";
		};
		4741670626ED54EA003D5709 /* LaunchScreen.storyboard */ = {
			isa = PBXVariantGroup;
			children = (
				4741670726ED54EA003D5709 /* Base */,
			);
			name = LaunchScreen.storyboard;
			sourceTree = "<group>";
		};
/* End PBXVariantGroup section */

/* Begin XCBuildConfiguration section */
		4741670A26ED54EA003D5709 /* Debug */ = {
			isa = XCBuildConfiguration;
			buildSettings = {
				ALWAYS_SEARCH_USER_PATHS = NO;
				CLANG_ANALYZER_NONNULL = YES;
				CLANG_ANALYZER_NUMBER_OBJECT_CONVERSION = YES_AGGRESSIVE;
				CLANG_CXX_LANGUAGE_STANDARD = "gnu++14";
				CLANG_CXX_LIBRARY = "libc++";
				CLANG_ENABLE_MODULES = YES;
				CLANG_ENABLE_OBJC_ARC = YES;
				CLANG_ENABLE_OBJC_WEAK = YES;
				CLANG_WARN_BLOCK_CAPTURE_AUTORELEASING = YES;
				CLANG_WARN_BOOL_CONVERSION = YES;
				CLANG_WARN_COMMA = YES;
				CLANG_WARN_CONSTANT_CONVERSION = YES;
				CLANG_WARN_DEPRECATED_OBJC_IMPLEMENTATIONS = YES;
				CLANG_WARN_DIRECT_OBJC_ISA_USAGE = YES_ERROR;
				CLANG_WARN_DOCUMENTATION_COMMENTS = YES;
				CLANG_WARN_EMPTY_BODY = YES;
				CLANG_WARN_ENUM_CONVERSION = YES;
				CLANG_WARN_INFINITE_RECURSION = YES;
				CLANG_WARN_INT_CONVERSION = YES;
				CLANG_WARN_NON_LITERAL_NULL_CONVERSION = YES;
				CLANG_WARN_OBJC_IMPLICIT_RETAIN_SELF = YES;
				CLANG_WARN_OBJC_LITERAL_CONVERSION = YES;
				CLANG_WARN_OBJC_ROOT_CLASS = YES_ERROR;
				CLANG_WARN_QUOTED_INCLUDE_IN_FRAMEWORK_HEADER = YES;
				CLANG_WARN_RANGE_LOOP_ANALYSIS = YES;
				CLANG_WARN_STRICT_PROTOTYPES = YES;
				CLANG_WARN_SUSPICIOUS_MOVE = YES;
				CLANG_WARN_UNGUARDED_AVAILABILITY = YES_AGGRESSIVE;
				CLANG_WARN_UNREACHABLE_CODE = YES;
				CLANG_WARN__DUPLICATE_METHOD_MATCH = YES;
				COPY_PHASE_STRIP = NO;
				DEBUG_INFORMATION_FORMAT = dwarf;
				ENABLE_STRICT_OBJC_MSGSEND = YES;
				ENABLE_TESTABILITY = YES;
				GCC_C_LANGUAGE_STANDARD = gnu11;
				GCC_DYNAMIC_NO_PIC = NO;
				GCC_NO_COMMON_BLOCKS = YES;
				GCC_OPTIMIZATION_LEVEL = 0;
				GCC_PREPROCESSOR_DEFINITIONS = (
					"DEBUG=1",
					"$(inherited)",
				);
				GCC_WARN_64_TO_32_BIT_CONVERSION = YES;
				GCC_WARN_ABOUT_RETURN_TYPE = YES_ERROR;
				GCC_WARN_UNDECLARED_SELECTOR = YES;
				GCC_WARN_UNINITIALIZED_AUTOS = YES_AGGRESSIVE;
				GCC_WARN_UNUSED_FUNCTION = YES;
				GCC_WARN_UNUSED_VARIABLE = YES;
				IPHONEOS_DEPLOYMENT_TARGET = 14.5;
				MTL_ENABLE_DEBUG_INFO = INCLUDE_SOURCE;
				MTL_FAST_MATH = YES;
				ONLY_ACTIVE_ARCH = YES;
				SDKROOT = iphoneos;
				SWIFT_ACTIVE_COMPILATION_CONDITIONS = DEBUG;
				SWIFT_OPTIMIZATION_LEVEL = "-Onone";
			};
			name = Debug;
		};
		4741670B26ED54EA003D5709 /* Release */ = {
			isa = XCBuildConfiguration;
			buildSettings = {
				ALWAYS_SEARCH_USER_PATHS = NO;
				CLANG_ANALYZER_NONNULL = YES;
				CLANG_ANALYZER_NUMBER_OBJECT_CONVERSION = YES_AGGRESSIVE;
				CLANG_CXX_LANGUAGE_STANDARD = "gnu++14";
				CLANG_CXX_LIBRARY = "libc++";
				CLANG_ENABLE_MODULES = YES;
				CLANG_ENABLE_OBJC_ARC = YES;
				CLANG_ENABLE_OBJC_WEAK = YES;
				CLANG_WARN_BLOCK_CAPTURE_AUTORELEASING = YES;
				CLANG_WARN_BOOL_CONVERSION = YES;
				CLANG_WARN_COMMA = YES;
				CLANG_WARN_CONSTANT_CONVERSION = YES;
				CLANG_WARN_DEPRECATED_OBJC_IMPLEMENTATIONS = YES;
				CLANG_WARN_DIRECT_OBJC_ISA_USAGE = YES_ERROR;
				CLANG_WARN_DOCUMENTATION_COMMENTS = YES;
				CLANG_WARN_EMPTY_BODY = YES;
				CLANG_WARN_ENUM_CONVERSION = YES;
				CLANG_WARN_INFINITE_RECURSION = YES;
				CLANG_WARN_INT_CONVERSION = YES;
				CLANG_WARN_NON_LITERAL_NULL_CONVERSION = YES;
				CLANG_WARN_OBJC_IMPLICIT_RETAIN_SELF = YES;
				CLANG_WARN_OBJC_LITERAL_CONVERSION = YES;
				CLANG_WARN_OBJC_ROOT_CLASS = YES_ERROR;
				CLANG_WARN_QUOTED_INCLUDE_IN_FRAMEWORK_HEADER = YES;
				CLANG_WARN_RANGE_LOOP_ANALYSIS = YES;
				CLANG_WARN_STRICT_PROTOTYPES = YES;
				CLANG_WARN_SUSPICIOUS_MOVE = YES;
				CLANG_WARN_UNGUARDED_AVAILABILITY = YES_AGGRESSIVE;
				CLANG_WARN_UNREACHABLE_CODE = YES;
				CLANG_WARN__DUPLICATE_METHOD_MATCH = YES;
				COPY_PHASE_STRIP = NO;
				DEBUG_INFORMATION_FORMAT = "dwarf-with-dsym";
				ENABLE_NS_ASSERTIONS = NO;
				ENABLE_STRICT_OBJC_MSGSEND = YES;
				GCC_C_LANGUAGE_STANDARD = gnu11;
				GCC_NO_COMMON_BLOCKS = YES;
				GCC_WARN_64_TO_32_BIT_CONVERSION = YES;
				GCC_WARN_ABOUT_RETURN_TYPE = YES_ERROR;
				GCC_WARN_UNDECLARED_SELECTOR = YES;
				GCC_WARN_UNINITIALIZED_AUTOS = YES_AGGRESSIVE;
				GCC_WARN_UNUSED_FUNCTION = YES;
				GCC_WARN_UNUSED_VARIABLE = YES;
				IPHONEOS_DEPLOYMENT_TARGET = 14.5;
				MTL_ENABLE_DEBUG_INFO = NO;
				MTL_FAST_MATH = YES;
				SDKROOT = iphoneos;
				SWIFT_COMPILATION_MODE = wholemodule;
				SWIFT_OPTIMIZATION_LEVEL = "-O";
				VALIDATE_PRODUCT = YES;
			};
			name = Release;
		};
		4741670D26ED54EA003D5709 /* Debug */ = {
			isa = XCBuildConfiguration;
			buildSettings = {
				ASSETCATALOG_COMPILER_APPICON_NAME = AppIcon;
				ASSETCATALOG_COMPILER_GLOBAL_ACCENT_COLOR_NAME = AccentColor;
				CODE_SIGN_STYLE = Automatic;
				DEVELOPMENT_TEAM = 37M9WYPH3S;
				INFOPLIST_FILE = InClass02/Info.plist;
				LD_RUNPATH_SEARCH_PATHS = (
					"$(inherited)",
					"@executable_path/Frameworks",
				);
				PRODUCT_BUNDLE_IDENTIFIER = "com.carlos-delcarpio.InClass02";
				PRODUCT_NAME = "$(TARGET_NAME)";
				SWIFT_VERSION = 5.0;
				TARGETED_DEVICE_FAMILY = "1,2";
			};
			name = Debug;
		};
		4741670E26ED54EA003D5709 /* Release */ = {
			isa = XCBuildConfiguration;
			buildSettings = {
				ASSETCATALOG_COMPILER_APPICON_NAME = AppIcon;
				ASSETCATALOG_COMPILER_GLOBAL_ACCENT_COLOR_NAME = AccentColor;
				CODE_SIGN_STYLE = Automatic;
				DEVELOPMENT_TEAM = 37M9WYPH3S;
				INFOPLIST_FILE = InClass02/Info.plist;
				LD_RUNPATH_SEARCH_PATHS = (
					"$(inherited)",
					"@executable_path/Frameworks",
				);
				PRODUCT_BUNDLE_IDENTIFIER = "com.carlos-delcarpio.InClass02";
				PRODUCT_NAME = "$(TARGET_NAME)";
				SWIFT_VERSION = 5.0;
				TARGETED_DEVICE_FAMILY = "1,2";
			};
			name = Release;
		};
/* End XCBuildConfiguration section */

/* Begin XCConfigurationList section */
		474166F326ED54E9003D5709 /* Build configuration list for PBXProject "InClass02" */ = {
			isa = XCConfigurationList;
			buildConfigurations = (
				4741670A26ED54EA003D5709 /* Debug */,
				4741670B26ED54EA003D5709 /* Release */,
			);
			defaultConfigurationIsVisible = 0;
			defaultConfigurationName = Release;
		};
		4741670C26ED54EA003D5709 /* Build configuration list for PBXNativeTarget "InClass02" */ = {
			isa = XCConfigurationList;
			buildConfigurations = (
				4741670D26ED54EA003D5709 /* Debug */,
				4741670E26ED54EA003D5709 /* Release */,
			);
			defaultConfigurationIsVisible = 0;
			defaultConfigurationName = Release;
		};
/* End XCConfigurationList section */
	};
	rootObject = 474166F026ED54E9003D5709 /* Project object */;
}
